{
    "_readme": [
        "This file locks the dependencies of your project to a known state",
        "Read more about it at https://getcomposer.org/doc/01-basic-usage.md#installing-dependencies",
        "This file is @generated automatically"
    ],
    "content-hash": "9e4fd876a616fa411890d01ffa5629c1",
    "packages": [
        {
            "name": "bluem/tree",
            "version": "2.0",
            "source": {
                "type": "git",
                "url": "https://github.com/BlueM/Tree.git",
                "reference": "f730e944be161664d6b0119b5b334751c339d85f"
            },
            "dist": {
                "type": "zip",
                "url": "https://api.github.com/repos/BlueM/Tree/zipball/f730e944be161664d6b0119b5b334751c339d85f",
                "reference": "f730e944be161664d6b0119b5b334751c339d85f",
                "shasum": ""
            },
            "require": {
                "php": ">=7.0"
            },
            "require-dev": {
                "doctrine/instantiator": "1.0.*",
                "phpunit/phpunit": "6.*"
            },
            "type": "library",
            "autoload": {
                "psr-4": {
                    "BlueM\\": "src/"
                }
            },
            "notification-url": "https://packagist.org/downloads/",
            "license": [
                "BSD-2-Clause"
            ],
            "authors": [
                {
                    "name": "Carsten Blüm",
                    "email": "carsten@bluem.net"
                }
            ],
            "description": "Library for handling tree structures based on parent IDs, e.g. a self-joined database table",
            "homepage": "https://github.com/BlueM/Tree",
            "keywords": [
                "hierarchical",
                "tree"
            ],
            "time": "2018-02-04T17:35:27+00:00"
        },
        {
            "name": "knplabs/knp-menu",
            "version": "2.3.0",
            "source": {
                "type": "git",
                "url": "https://github.com/KnpLabs/KnpMenu.git",
                "reference": "655630a1db0b72108262d1a844de3b1ba0885be5"
            },
            "dist": {
                "type": "zip",
                "url": "https://api.github.com/repos/KnpLabs/KnpMenu/zipball/655630a1db0b72108262d1a844de3b1ba0885be5",
                "reference": "655630a1db0b72108262d1a844de3b1ba0885be5",
                "shasum": ""
            },
            "require": {
                "php": ">=5.6.0"
            },
            "require-dev": {
                "psr/container": "^1.0",
                "symfony/http-foundation": "~2.4|~3.0|^4.0",
                "symfony/phpunit-bridge": "~3.3|^4.0",
                "symfony/routing": "~2.3|~3.0|^4.0",
                "twig/twig": "~1.16|~2.0"
            },
            "suggest": {
                "twig/twig": "for the TwigRenderer and the integration with your templates"
            },
            "type": "library",
            "extra": {
                "branch-alias": {
                    "dev-master": "2.3-dev"
                }
            },
            "autoload": {
                "psr-4": {
                    "Knp\\Menu\\": "src/Knp/Menu"
                }
            },
            "notification-url": "https://packagist.org/downloads/",
            "license": [
                "MIT"
            ],
            "authors": [
                {
                    "name": "Christophe Coevoet",
                    "email": "stof@notk.org"
                },
                {
                    "name": "Symfony Community",
                    "homepage": "https://github.com/KnpLabs/KnpMenu/contributors"
                },
                {
                    "name": "KnpLabs",
                    "homepage": "https://knplabs.com"
                }
            ],
            "description": "An object oriented menu library",
            "homepage": "https://knplabs.com",
            "keywords": [
                "menu",
                "tree"
            ],
            "time": "2017-11-18T20:49:26+00:00"
        }
    ],
    "packages-dev": [],
    "aliases": [],
    "minimum-stability": "stable",
    "stability-flags": [],
    "prefer-stable": false,
    "prefer-lowest": false,
    "platform": [],
    "platform-dev": []
}
